// !$*UTF8*$!
{
	archiveVersion = 1;
	classes = {
	};
	objectVersion = 77;
	objects = {

/* Begin PBXContainerItemProxy section */
		D3F7B08D2D73BD2C00C026F4 /* PBXContainerItemProxy */ = {
			isa = PBXContainerItemProxy;
			containerPortal = D3F7B0742D73BD2B00C026F4 /* Project object */;
			proxyType = 1;
			remoteGlobalIDString = D3F7B07B2D73BD2B00C026F4;
			remoteInfo = SaveAI;
		};
		D3F7B0972D73BD2C00C026F4 /* PBXContainerItemProxy */ = {
			isa = PBXContainerItemProxy;
			containerPortal = D3F7B0742D73BD2B00C026F4 /* Project object */;
			proxyType = 1;
			remoteGlobalIDString = D3F7B07B2D73BD2B00C026F4;
			remoteInfo = SaveAI;
		};
/* End PBXContainerItemProxy section */

/* Begin PBXFileReference section */
		D3F7B07C2D73BD2B00C026F4 /* SaveAI.app */ = {isa = PBXFileReference; explicitFileType = wrapper.application; includeInIndex = 0; path = SaveAI.app; sourceTree = BUILT_PRODUCTS_DIR; };
		D3F7B08C2D73BD2C00C026F4 /* SaveAITests.xctest */ = {isa = PBXFileReference; explicitFileType = wrapper.cfbundle; includeInIndex = 0; path = SaveAITests.xctest; sourceTree = BUILT_PRODUCTS_DIR; };
		D3F7B0962D73BD2C00C026F4 /* SaveAIUITests.xctest */ = {isa = PBXFileReference; explicitFileType = wrapper.cfbundle; includeInIndex = 0; path = SaveAIUITests.xctest; sourceTree = BUILT_PRODUCTS_DIR; };
/* End PBXFileReference section */

/* Begin PBXFileSystemSynchronizedRootGroup section */
		D3F7B07E2D73BD2B00C026F4 /* SaveAI */ = {
			isa = PBXFileSystemSynchronizedRootGroup;
			path = SaveAI;
			sourceTree = "<group>";
		};
		D3F7B08F2D73BD2C00C026F4 /* SaveAITests */ = {
			isa = PBXFileSystemSynchronizedRootGroup;
			path = SaveAITests;
			sourceTree = "<group>";
		};
		D3F7B0992D73BD2C00C026F4 /* SaveAIUITests */ = {
			isa = PBXFileSystemSynchronizedRootGroup;
			path = SaveAIUITests;
			sourceTree = "<group>";
		};
/* End PBXFileSystemSynchronizedRootGroup section */

/* Begin PBXFrameworksBuildPhase section */
		D3F7B0792D73BD2B00C026F4 /* Frameworks */ = {
			isa = PBXFrameworksBuildPhase;
			buildActionMask = 2147483647;
			files = (
			);
			runOnlyForDeploymentPostprocessing = 0;
		};
		D3F7B0892D73BD2C00C026F4 /* Frameworks */ = {
			isa = PBXFrameworksBuildPhase;
			buildActionMask = 2147483647;
			files = (
			);
			runOnlyForDeploymentPostprocessing = 0;
		};
		D3F7B0932D73BD2C00C026F4 /* Frameworks */ = {
			isa = PBXFrameworksBuildPhase;
			buildActionMask = 2147483647;
			files = (
			);
			runOnlyForDeploymentPostprocessing = 0;
		};
/* End PBXFrameworksBuildPhase section */

/* Begin PBXGroup section */
		D3F7B0732D73BD2B00C026F4 = {
			isa = PBXGroup;
			children = (
				D3F7B07E2D73BD2B00C026F4 /* SaveAI */,
				D3F7B08F2D73BD2C00C026F4 /* SaveAITests */,
				D3F7B0992D73BD2C00C026F4 /* SaveAIUITests */,
				D3F7B07D2D73BD2B00C026F4 /* Products */,
			);
			sourceTree = "<group>";
		};
		D3F7B07D2D73BD2B00C026F4 /* Products */ = {
			isa = PBXGroup;
			children = (
				D3F7B07C2D73BD2B00C026F4 /* SaveAI.app */,
				D3F7B08C2D73BD2C00C026F4 /* SaveAITests.xctest */,
				D3F7B0962D73BD2C00C026F4 /* SaveAIUITests.xctest */,
			);
			name = Products;
			sourceTree = "<group>";
		};
/* End PBXGroup section */

/* Begin PBXNativeTarget section */
		D3F7B07B2D73BD2B00C026F4 /* SaveAI */ = {
			isa = PBXNativeTarget;
			buildConfigurationList = D3F7B0A02D73BD2C00C026F4 /* Build configuration list for PBXNativeTarget "SaveAI" */;
			buildPhases = (
				D3F7B0782D73BD2B00C026F4 /* Sources */,
				D3F7B0792D73BD2B00C026F4 /* Frameworks */,
				D3F7B07A2D73BD2B00C026F4 /* Resources */,
			);
			buildRules = (
			);
			dependencies = (
			);
			fileSystemSynchronizedGroups = (
				D3F7B07E2D73BD2B00C026F4 /* SaveAI */,
			);
			name = SaveAI;
			packageProductDependencies = (
			);
			productName = SaveAI;
			productReference = D3F7B07C2D73BD2B00C026F4 /* SaveAI.app */;
			productType = "com.apple.product-type.application";
		};
		D3F7B08B2D73BD2C00C026F4 /* SaveAITests */ = {
			isa = PBXNativeTarget;
			buildConfigurationList = D3F7B0A32D73BD2C00C026F4 /* Build configuration list for PBXNativeTarget "SaveAITests" */;
			buildPhases = (
				D3F7B0882D73BD2C00C026F4 /* Sources */,
				D3F7B0892D73BD2C00C026F4 /* Frameworks */,
				D3F7B08A2D73BD2C00C026F4 /* Resources */,
			);
			buildRules = (
			);
			dependencies = (
				D3F7B08E2D73BD2C00C026F4 /* PBXTargetDependency */,
			);
			fileSystemSynchronizedGroups = (
				D3F7B08F2D73BD2C00C026F4 /* SaveAITests */,
			);
			name = SaveAITests;
			packageProductDependencies = (
			);
			productName = SaveAITests;
			productReference = D3F7B08C2D73BD2C00C026F4 /* SaveAITests.xctest */;
			productType = "com.apple.product-type.bundle.unit-test";
		};
		D3F7B0952D73BD2C00C026F4 /* SaveAIUITests */ = {
			isa = PBXNativeTarget;
			buildConfigurationList = D3F7B0A62D73BD2C00C026F4 /* Build configuration list for PBXNativeTarget "SaveAIUITests" */;
			buildPhases = (
				D3F7B0922D73BD2C00C026F4 /* Sources */,
				D3F7B0932D73BD2C00C026F4 /* Frameworks */,
				D3F7B0942D73BD2C00C026F4 /* Resources */,
			);
			buildRules = (
			);
			dependencies = (
				D3F7B0982D73BD2C00C026F4 /* PBXTargetDependency */,
			);
			fileSystemSynchronizedGroups = (
				D3F7B0992D73BD2C00C026F4 /* SaveAIUITests */,
			);
			name = SaveAIUITests;
			packageProductDependencies = (
			);
			productName = SaveAIUITests;
			productReference = D3F7B0962D73BD2C00C026F4 /* SaveAIUITests.xctest */;
			productType = "com.apple.product-type.bundle.ui-testing";
		};
/* End PBXNativeTarget section */

/* Begin PBXProject section */
		D3F7B0742D73BD2B00C026F4 /* Project object */ = {
			isa = PBXProject;
			attributes = {
				BuildIndependentTargetsInParallel = 1;
				LastSwiftUpdateCheck = 1620;
				LastUpgradeCheck = 1620;
				TargetAttributes = {
					D3F7B07B2D73BD2B00C026F4 = {
						CreatedOnToolsVersion = 16.2;
					};
					D3F7B08B2D73BD2C00C026F4 = {
						CreatedOnToolsVersion = 16.2;
						TestTargetID = D3F7B07B2D73BD2B00C026F4;
					};
					D3F7B0952D73BD2C00C026F4 = {
						CreatedOnToolsVersion = 16.2;
						TestTargetID = D3F7B07B2D73BD2B00C026F4;
					};
				};
			};
			buildConfigurationList = D3F7B0772D73BD2B00C026F4 /* Build configuration list for PBXProject "SaveAI" */;
			developmentRegion = en;
			hasScannedForEncodings = 0;
			knownRegions = (
				en,
				Base,
			);
			mainGroup = D3F7B0732D73BD2B00C026F4;
			minimizedProjectReferenceProxies = 1;
			preferredProjectObjectVersion = 77;
			productRefGroup = D3F7B07D2D73BD2B00C026F4 /* Products */;
			projectDirPath = "";
			projectRoot = "";
			targets = (
				D3F7B07B2D73BD2B00C026F4 /* SaveAI */,
				D3F7B08B2D73BD2C00C026F4 /* SaveAITests */,
				D3F7B0952D73BD2C00C026F4 /* SaveAIUITests */,
			);
		};
/* End PBXProject section */

/* Begin PBXResourcesBuildPhase section */
		D3F7B07A2D73BD2B00C026F4 /* Resources */ = {
			isa = PBXResourcesBuildPhase;
			buildActionMask = 2147483647;
			files = (
			);
			runOnlyForDeploymentPostprocessing = 0;
		};
		D3F7B08A2D73BD2C00C026F4 /* Resources */ = {
			isa = PBXResourcesBuildPhase;
			buildActionMask = 2147483647;
			files = (
			);
			runOnlyForDeploymentPostprocessing = 0;
		};
		D3F7B0942D73BD2C00C026F4 /* Resources */ = {
			isa = PBXResourcesBuildPhase;
			buildActionMask = 2147483647;
			files = (
			);
			runOnlyForDeploymentPostprocessing = 0;
		};
/* End PBXResourcesBuildPhase section */

/* Begin PBXSourcesBuildPhase section */
		D3F7B0782D73BD2B00C026F4 /* Sources */ = {
			isa = PBXSourcesBuildPhase;
			buildActionMask = 2147483647;
			files = (
			);
			runOnlyForDeploymentPostprocessing = 0;
		};
		D3F7B0882D73BD2C00C026F4 /* Sources */ = {
			isa = PBXSourcesBuildPhase;
			buildActionMask = 2147483647;
			files = (
			);
			runOnlyForDeploymentPostprocessing = 0;
		};
		D3F7B0922D73BD2C00C026F4 /* Sources */ = {
			isa = PBXSourcesBuildPhase;
			buildActionMask = 2147483647;
			files = (
			);
			runOnlyForDeploymentPostprocessing = 0;
		};
/* End PBXSourcesBuildPhase section */

/* Begin PBXTargetDependency section */
		D3F7B08E2D73BD2C00C026F4 /* PBXTargetDependency */ = {
			isa = PBXTargetDependency;
			target = D3F7B07B2D73BD2B00C026F4 /* SaveAI */;
			targetProxy = D3F7B08D2D73BD2C00C026F4 /* PBXContainerItemProxy */;
		};
		D3F7B0982D73BD2C00C026F4 /* PBXTargetDependency */ = {
			isa = PBXTargetDependency;
			target = D3F7B07B2D73BD2B00C026F4 /* SaveAI */;
			targetProxy = D3F7B0972D73BD2C00C026F4 /* PBXContainerItemProxy */;
		};
/* End PBXTargetDependency section */

/* Begin XCBuildConfiguration section */
		D3F7B09E2D73BD2C00C026F4 /* Debug */ = {
			isa = XCBuildConfiguration;
			buildSettings = {
				ALWAYS_SEARCH_USER_PATHS = NO;
				ASSETCATALOG_COMPILER_GENERATE_SWIFT_ASSET_SYMBOL_EXTENSIONS = YES;
				CLANG_ANALYZER_NONNULL = YES;
				CLANG_ANALYZER_NUMBER_OBJECT_CONVERSION = YES_AGGRESSIVE;
				CLANG_CXX_LANGUAGE_STANDARD = "gnu++20";
				CLANG_ENABLE_MODULES = YES;
				CLANG_ENABLE_OBJC_ARC = YES;
				CLANG_ENABLE_OBJC_WEAK = YES;
				CLANG_WARN_BLOCK_CAPTURE_AUTORELEASING = YES;
				CLANG_WARN_BOOL_CONVERSION = YES;
				CLANG_WARN_COMMA = YES;
				CLANG_WARN_CONSTANT_CONVERSION = YES;
				CLANG_WARN_DEPRECATED_OBJC_IMPLEMENTATIONS = YES;
				CLANG_WARN_DIRECT_OBJC_ISA_USAGE = YES_ERROR;
				CLANG_WARN_DOCUMENTATION_COMMENTS = YES;
				CLANG_WARN_EMPTY_BODY = YES;
				CLANG_WARN_ENUM_CONVERSION = YES;
				CLANG_WARN_INFINITE_RECURSION = YES;
				CLANG_WARN_INT_CONVERSION = YES;
				CLANG_WARN_NON_LITERAL_NULL_CONVERSION = YES;
				CLANG_WARN_OBJC_IMPLICIT_RETAIN_SELF = YES;
				CLANG_WARN_OBJC_LITERAL_CONVERSION = YES;
				CLANG_WARN_OBJC_ROOT_CLASS = YES_ERROR;
				CLANG_WARN_QUOTED_INCLUDE_IN_FRAMEWORK_HEADER = YES;
				CLANG_WARN_RANGE_LOOP_ANALYSIS = YES;
				CLANG_WARN_STRICT_PROTOTYPES = YES;
				CLANG_WARN_SUSPICIOUS_MOVE = YES;
				CLANG_WARN_UNGUARDED_AVAILABILITY = YES_AGGRESSIVE;
				CLANG_WARN_UNREACHABLE_CODE = YES;
				CLANG_WARN__DUPLICATE_METHOD_MATCH = YES;
				COPY_PHASE_STRIP = NO;
				DEBUG_INFORMATION_FORMAT = dwarf;
				ENABLE_STRICT_OBJC_MSGSEND = YES;
				ENABLE_TESTABILITY = YES;
				ENABLE_USER_SCRIPT_SANDBOXING = YES;
				GCC_C_LANGUAGE_STANDARD = gnu17;
				GCC_DYNAMIC_NO_PIC = NO;
				GCC_NO_COMMON_BLOCKS = YES;
				GCC_OPTIMIZATION_LEVEL = 0;
				GCC_PREPROCESSOR_DEFINITIONS = (
					"DEBUG=1",
					"$(inherited)",
				);
				GCC_WARN_64_TO_32_BIT_CONVERSION = YES;
				GCC_WARN_ABOUT_RETURN_TYPE = YES_ERROR;
				GCC_WARN_UNDECLARED_SELECTOR = YES;
				GCC_WARN_UNINITIALIZED_AUTOS = YES_AGGRESSIVE;
				GCC_WARN_UNUSED_FUNCTION = YES;
				GCC_WARN_UNUSED_VARIABLE = YES;
				IPHONEOS_DEPLOYMENT_TARGET = 18.2;
				LOCALIZATION_PREFERS_STRING_CATALOGS = YES;
				MTL_ENABLE_DEBUG_INFO = INCLUDE_SOURCE;
				MTL_FAST_MATH = YES;
				ONLY_ACTIVE_ARCH = YES;
				SDKROOT = iphoneos;
				SWIFT_ACTIVE_COMPILATION_CONDITIONS = "DEBUG $(inherited)";
				SWIFT_OPTIMIZATION_LEVEL = "-Onone";
			};
			name = Debug;
		};
		D3F7B09F2D73BD2C00C026F4 /* Release */ = {
			isa = XCBuildConfiguration;
			buildSettings = {
				ALWAYS_SEARCH_USER_PATHS = NO;
				ASSETCATALOG_COMPILER_GENERATE_SWIFT_ASSET_SYMBOL_EXTENSIONS = YES;
				CLANG_ANALYZER_NONNULL = YES;
				CLANG_ANALYZER_NUMBER_OBJECT_CONVERSION = YES_AGGRESSIVE;
				CLANG_CXX_LANGUAGE_STANDARD = "gnu++20";
				CLANG_ENABLE_MODULES = YES;
				CLANG_ENABLE_OBJC_ARC = YES;
				CLANG_ENABLE_OBJC_WEAK = YES;
				CLANG_WARN_BLOCK_CAPTURE_AUTORELEASING = YES;
				CLANG_WARN_BOOL_CONVERSION = YES;
				CLANG_WARN_COMMA = YES;
				CLANG_WARN_CONSTANT_CONVERSION = YES;
				CLANG_WARN_DEPRECATED_OBJC_IMPLEMENTATIONS = YES;
				CLANG_WARN_DIRECT_OBJC_ISA_USAGE = YES_ERROR;
				CLANG_WARN_DOCUMENTATION_COMMENTS = YES;
				CLANG_WARN_EMPTY_BODY = YES;
				CLANG_WARN_ENUM_CONVERSION = YES;
				CLANG_WARN_INFINITE_RECURSION = YES;
				CLANG_WARN_INT_CONVERSION = YES;
				CLANG_WARN_NON_LITERAL_NULL_CONVERSION = YES;
				CLANG_WARN_OBJC_IMPLICIT_RETAIN_SELF = YES;
				CLANG_WARN_OBJC_LITERAL_CONVERSION = YES;
				CLANG_WARN_OBJC_ROOT_CLASS = YES_ERROR;
				CLANG_WARN_QUOTED_INCLUDE_IN_FRAMEWORK_HEADER = YES;
				CLANG_WARN_RANGE_LOOP_ANALYSIS = YES;
				CLANG_WARN_STRICT_PROTOTYPES = YES;
				CLANG_WARN_SUSPICIOUS_MOVE = YES;
				CLANG_WARN_UNGUARDED_AVAILABILITY = YES_AGGRESSIVE;
				CLANG_WARN_UNREACHABLE_CODE = YES;
				CLANG_WARN__DUPLICATE_METHOD_MATCH = YES;
				COPY_PHASE_STRIP = NO;
				DEBUG_INFORMATION_FORMAT = "dwarf-with-dsym";
				ENABLE_NS_ASSERTIONS = NO;
				ENABLE_STRICT_OBJC_MSGSEND = YES;
				ENABLE_USER_SCRIPT_SANDBOXING = YES;
				GCC_C_LANGUAGE_STANDARD = gnu17;
				GCC_NO_COMMON_BLOCKS = YES;
				GCC_WARN_64_TO_32_BIT_CONVERSION = YES;
				GCC_WARN_ABOUT_RETURN_TYPE = YES_ERROR;
				GCC_WARN_UNDECLARED_SELECTOR = YES;
				GCC_WARN_UNINITIALIZED_AUTOS = YES_AGGRESSIVE;
				GCC_WARN_UNUSED_FUNCTION = YES;
				GCC_WARN_UNUSED_VARIABLE = YES;
				IPHONEOS_DEPLOYMENT_TARGET = 18.2;
				LOCALIZATION_PREFERS_STRING_CATALOGS = YES;
				MTL_ENABLE_DEBUG_INFO = NO;
				MTL_FAST_MATH = YES;
				SDKROOT = iphoneos;
				SWIFT_COMPILATION_MODE = wholemodule;
				VALIDATE_PRODUCT = YES;
			};
			name = Release;
		};
		D3F7B0A12D73BD2C00C026F4 /* Debug */ = {
			isa = XCBuildConfiguration;
			buildSettings = {
				ASSETCATALOG_COMPILER_APPICON_NAME = AppIcon;
				ASSETCATALOG_COMPILER_GLOBAL_ACCENT_COLOR_NAME = AccentColor;
				ASSETCATALOG_COMPILER_INCLUDE_ALL_APPICON_ASSETS = NO;
				CODE_SIGN_STYLE = Automatic;
				CURRENT_PROJECT_VERSION = 1;
				DEVELOPMENT_ASSET_PATHS = "\"SaveAI/Preview Content\"";
				ENABLE_PREVIEWS = YES;
				GENERATE_INFOPLIST_FILE = YES;
				INFOPLIST_KEY_UIApplicationSceneManifest_Generation = YES;
				INFOPLIST_KEY_UIApplicationSupportsIndirectInputEvents = YES;
				INFOPLIST_KEY_UILaunchScreen_Generation = YES;
				INFOPLIST_KEY_UISupportedInterfaceOrientations_iPad = "UIInterfaceOrientationPortrait UIInterfaceOrientationPortraitUpsideDown UIInterfaceOrientationLandscapeLeft UIInterfaceOrientationLandscapeRight";
				INFOPLIST_KEY_UISupportedInterfaceOrientations_iPhone = "UIInterfaceOrientationPortrait UIInterfaceOrientationLandscapeLeft UIInterfaceOrientationLandscapeRight";
				LD_RUNPATH_SEARCH_PATHS = (
					"$(inherited)",
					"@executable_path/Frameworks",
				);
				MARKETING_VERSION = 1.0;
				PRODUCT_BUNDLE_IDENTIFIER = com.samuelkleiner.SaveAI;
				PRODUCT_NAME = "$(TARGET_NAME)";
				SWIFT_EMIT_LOC_STRINGS = YES;
				SWIFT_VERSION = 5.0;
				TARGETED_DEVICE_FAMILY = "1,2";
			};
			name = Debug;
		};
		D3F7B0A22D73BD2C00C026F4 /* Release */ = {
			isa = XCBuildConfiguration;
			buildSettings = {
				ASSETCATALOG_COMPILER_APPICON_NAME = AppIcon;
				ASSETCATALOG_COMPILER_GLOBAL_ACCENT_COLOR_NAME = AccentColor;
				ASSETCATALOG_COMPILER_INCLUDE_ALL_APPICON_ASSETS = NO;
				CODE_SIGN_STYLE = Automatic;
				CURRENT_PROJECT_VERSION = 1;
				DEVELOPMENT_ASSET_PATHS = "\"SaveAI/Preview Content\"";
				ENABLE_PREVIEWS = YES;
				GENERATE_INFOPLIST_FILE = YES;
				INFOPLIST_KEY_UIApplicationSceneManifest_Generation = YES;
				INFOPLIST_KEY_UIApplicationSupportsIndirectInputEvents = YES;
				INFOPLIST_KEY_UILaunchScreen_Generation = YES;
				INFOPLIST_KEY_UISupportedInterfaceOrientations_iPad = "UIInterfaceOrientationPortrait UIInterfaceOrientationPortraitUpsideDown UIInterfaceOrientationLandscapeLeft UIInterfaceOrientationLandscapeRight";
				INFOPLIST_KEY_UISupportedInterfaceOrientations_iPhone = "UIInterfaceOrientationPortrait UIInterfaceOrientationLandscapeLeft UIInterfaceOrientationLandscapeRight";
				LD_RUNPATH_SEARCH_PATHS = (
					"$(inherited)",
					"@executable_path/Frameworks",
				);
				MARKETING_VERSION = 1.0;
				PRODUCT_BUNDLE_IDENTIFIER = com.samuelkleiner.SaveAI;
				PRODUCT_NAME = "$(TARGET_NAME)";
				SWIFT_EMIT_LOC_STRINGS = YES;
				SWIFT_VERSION = 5.0;
				TARGETED_DEVICE_FAMILY = "1,2";
			};
			name = Release;
		};
		D3F7B0A42D73BD2C00C026F4 /* Debug */ = {
			isa = XCBuildConfiguration;
			buildSettings = {
				BUNDLE_LOADER = "$(TEST_HOST)";
				CODE_SIGN_STYLE = Automatic;
				CURRENT_PROJECT_VERSION = 1;
				GENERATE_INFOPLIST_FILE = YES;
				IPHONEOS_DEPLOYMENT_TARGET = 18.2;
				MARKETING_VERSION = 1.0;
				PRODUCT_BUNDLE_IDENTIFIER = com.samuelkleiner.SaveAITests;
				PRODUCT_NAME = "$(TARGET_NAME)";
				SWIFT_EMIT_LOC_STRINGS = NO;
				SWIFT_VERSION = 5.0;
				TARGETED_DEVICE_FAMILY = "1,2";
				TEST_HOST = "$(BUILT_PRODUCTS_DIR)/SaveAI.app/$(BUNDLE_EXECUTABLE_FOLDER_PATH)/SaveAI";
			};
			name = Debug;
		};
		D3F7B0A52D73BD2C00C026F4 /* Release */ = {
			isa = XCBuildConfiguration;
			buildSettings = {
				BUNDLE_LOADER = "$(TEST_HOST)";
				CODE_SIGN_STYLE = Automatic;
				CURRENT_PROJECT_VERSION = 1;
				GENERATE_INFOPLIST_FILE = YES;
				IPHONEOS_DEPLOYMENT_TARGET = 18.2;
				MARKETING_VERSION = 1.0;
				PRODUCT_BUNDLE_IDENTIFIER = com.samuelkleiner.SaveAITests;
				PRODUCT_NAME = "$(TARGET_NAME)";
				SWIFT_EMIT_LOC_STRINGS = NO;
				SWIFT_VERSION = 5.0;
				TARGETED_DEVICE_FAMILY = "1,2";
				TEST_HOST = "$(BUILT_PRODUCTS_DIR)/SaveAI.app/$(BUNDLE_EXECUTABLE_FOLDER_PATH)/SaveAI";
			};
			name = Release;
		};
		D3F7B0A72D73BD2C00C026F4 /* Debug */ = {
			isa = XCBuildConfiguration;
			buildSettings = {
				CODE_SIGN_STYLE = Automatic;
				CURRENT_PROJECT_VERSION = 1;
				GENERATE_INFOPLIST_FILE = YES;
				MARKETING_VERSION = 1.0;
				PRODUCT_BUNDLE_IDENTIFIER = com.samuelkleiner.SaveAIUITests;
				PRODUCT_NAME = "$(TARGET_NAME)";
				SWIFT_EMIT_LOC_STRINGS = NO;
				SWIFT_VERSION = 5.0;
				TARGETED_DEVICE_FAMILY = "1,2";
				TEST_TARGET_NAME = SaveAI;
			};
			name = Debug;
		};
		D3F7B0A82D73BD2C00C026F4 /* Release */ = {
			isa = XCBuildConfiguration;
			buildSettings = {
				CODE_SIGN_STYLE = Automatic;
				CURRENT_PROJECT_VERSION = 1;
				GENERATE_INFOPLIST_FILE = YES;
				MARKETING_VERSION = 1.0;
				PRODUCT_BUNDLE_IDENTIFIER = com.samuelkleiner.SaveAIUITests;
				PRODUCT_NAME = "$(TARGET_NAME)";
				SWIFT_EMIT_LOC_STRINGS = NO;
				SWIFT_VERSION = 5.0;
				TARGETED_DEVICE_FAMILY = "1,2";
				TEST_TARGET_NAME = SaveAI;
			};
			name = Release;
		};
/* End XCBuildConfiguration section */

/* Begin XCConfigurationList section */
		D3F7B0772D73BD2B00C026F4 /* Build configuration list for PBXProject "SaveAI" */ = {
			isa = XCConfigurationList;
			buildConfigurations = (
				D3F7B09E2D73BD2C00C026F4 /* Debug */,
				D3F7B09F2D73BD2C00C026F4 /* Release */,
			);
			defaultConfigurationIsVisible = 0;
			defaultConfigurationName = Release;
		};
		D3F7B0A02D73BD2C00C026F4 /* Build configuration list for PBXNativeTarget "SaveAI" */ = {
			isa = XCConfigurationList;
			buildConfigurations = (
				D3F7B0A12D73BD2C00C026F4 /* Debug */,
				D3F7B0A22D73BD2C00C026F4 /* Release */,
			);
			defaultConfigurationIsVisible = 0;
			defaultConfigurationName = Release;
		};
		D3F7B0A32D73BD2C00C026F4 /* Build configuration list for PBXNativeTarget "SaveAITests" */ = {
			isa = XCConfigurationList;
			buildConfigurations = (
				D3F7B0A42D73BD2C00C026F4 /* Debug */,
				D3F7B0A52D73BD2C00C026F4 /* Release */,
			);
			defaultConfigurationIsVisible = 0;
			defaultConfigurationName = Release;
		};
		D3F7B0A62D73BD2C00C026F4 /* Build configuration list for PBXNativeTarget "SaveAIUITests" */ = {
			isa = XCConfigurationList;
			buildConfigurations = (
				D3F7B0A72D73BD2C00C026F4 /* Debug */,
				D3F7B0A82D73BD2C00C026F4 /* Release */,
			);
			defaultConfigurationIsVisible = 0;
			defaultConfigurationName = Release;
		};
/* End XCConfigurationList section */
	};
	rootObject = D3F7B0742D73BD2B00C026F4 /* Project object */;
}
